
Microsoft Visual Studio Solution File, Format Version 12.00
# Visual Studio Version 16
VisualStudioVersion = 16.0.29319.158
MinimumVisualStudioVersion = 10.0.40219.1
Project("{9A19103F-16F7-4668-BE54-9A1E7A4F7556}") = "ItmoSchedule", "ITMOSchedule\ItmoSchedule.csproj", "{A42799F7-9420-4BD5-9019-67321873DBE5}"
EndProject
Project("{9A19103F-16F7-4668-BE54-9A1E7A4F7556}") = "ItmoSchedule.Tests", "ItmoSchedule.Tests\ItmoSchedule.Tests.csproj", "{A177E1BF-F18D-418F-8749-CFA48F9728E1}"
EndProject
Project("{FAE04EC0-301F-11D3-BF4B-00C04F79EFBC}") = "MessengerBotFramework", "MessangerBotFramework\MessengerBotFramework.csproj", "{4497F252-B0B3-41B0-8252-EFEA74E9C117}"
EndProject
Global
	GlobalSection(SolutionConfigurationPlatforms) = preSolution
		Debug|Any CPU = Debug|Any CPU
		Release|Any CPU = Release|Any CPU
	EndGlobalSection
	GlobalSection(ProjectConfigurationPlatforms) = postSolution
		{A42799F7-9420-4BD5-9019-67321873DBE5}.Debug|Any CPU.ActiveCfg = Debug|Any CPU
		{A42799F7-9420-4BD5-9019-67321873DBE5}.Debug|Any CPU.Build.0 = Debug|Any CPU
		{A42799F7-9420-4BD5-9019-67321873DBE5}.Release|Any CPU.ActiveCfg = Release|Any CPU
		{A42799F7-9420-4BD5-9019-67321873DBE5}.Release|Any CPU.Build.0 = Release|Any CPU
		{A177E1BF-F18D-418F-8749-CFA48F9728E1}.Debug|Any CPU.ActiveCfg = Debug|Any CPU
		{A177E1BF-F18D-418F-8749-CFA48F9728E1}.Debug|Any CPU.Build.0 = Debug|Any CPU
		{A177E1BF-F18D-418F-8749-CFA48F9728E1}.Release|Any CPU.ActiveCfg = Release|Any CPU
		{A177E1BF-F18D-418F-8749-CFA48F9728E1}.Release|Any CPU.Build.0 = Release|Any CPU
		{4497F252-B0B3-41B0-8252-EFEA74E9C117}.Debug|Any CPU.ActiveCfg = Debug|Any CPU
		{4497F252-B0B3-41B0-8252-EFEA74E9C117}.Debug|Any CPU.Build.0 = Debug|Any CPU
		{4497F252-B0B3-41B0-8252-EFEA74E9C117}.Release|Any CPU.ActiveCfg = Release|Any CPU
		{4497F252-B0B3-41B0-8252-EFEA74E9C117}.Release|Any CPU.Build.0 = Release|Any CPU
	EndGlobalSection
	GlobalSection(SolutionProperties) = preSolution
		HideSolutionNode = FALSE
	EndGlobalSection
	GlobalSection(ExtensibilityGlobals) = postSolution
		SolutionGuid = {35D10F84-8626-4704-9B70-B155EC6B90A9}
	EndGlobalSection
EndGlobal
