
Microsoft Visual Studio Solution File, Format Version 12.00
# Visual Studio Version 16
VisualStudioVersion = 16.0.29709.97
MinimumVisualStudioVersion = 10.0.40219.1
Project("{9A19103F-16F7-4668-BE54-9A1E7A4F7556}") = "ITMOSchedule", "ITMOSchedule\ITMOSchedule.csproj", "{6AA8F7CC-E818-48AC-A50F-6EEE03C3E989}"
EndProject
Project("{FAE04EC0-301F-11D3-BF4B-00C04F79EFBC}") = "ItmoSchedule.Tests", "ItmoSchedule.Tests\ItmoSchedule.Tests.csproj", "{C2FD9DBA-A60C-419D-8ECA-ACC93F7E0807}"
EndProject
Global
	GlobalSection(SolutionConfigurationPlatforms) = preSolution
		Debug|Any CPU = Debug|Any CPU
		Release|Any CPU = Release|Any CPU
	EndGlobalSection
	GlobalSection(ProjectConfigurationPlatforms) = postSolution
		{6AA8F7CC-E818-48AC-A50F-6EEE03C3E989}.Debug|Any CPU.ActiveCfg = Debug|Any CPU
		{6AA8F7CC-E818-48AC-A50F-6EEE03C3E989}.Debug|Any CPU.Build.0 = Debug|Any CPU
		{6AA8F7CC-E818-48AC-A50F-6EEE03C3E989}.Release|Any CPU.ActiveCfg = Release|Any CPU
		{6AA8F7CC-E818-48AC-A50F-6EEE03C3E989}.Release|Any CPU.Build.0 = Release|Any CPU
		{C2FD9DBA-A60C-419D-8ECA-ACC93F7E0807}.Debug|Any CPU.ActiveCfg = Debug|Any CPU
		{C2FD9DBA-A60C-419D-8ECA-ACC93F7E0807}.Debug|Any CPU.Build.0 = Debug|Any CPU
		{C2FD9DBA-A60C-419D-8ECA-ACC93F7E0807}.Release|Any CPU.ActiveCfg = Release|Any CPU
		{C2FD9DBA-A60C-419D-8ECA-ACC93F7E0807}.Release|Any CPU.Build.0 = Release|Any CPU
	EndGlobalSection
	GlobalSection(SolutionProperties) = preSolution
		HideSolutionNode = FALSE
	EndGlobalSection
	GlobalSection(ExtensibilityGlobals) = postSolution
		SolutionGuid = {156BBC39-8995-4350-91A8-28D3E8AC3B2C}
	EndGlobalSection
EndGlobal
